
Microsoft Visual Studio Solution File, Format Version 12.00
# Visual Studio Version 16
VisualStudioVersion = 16.0.31112.23
MinimumVisualStudioVersion = 10.0.40219.1
Project("{FAE04EC0-301F-11D3-BF4B-00C04F79EFBC}") = "Parcial1", "Parcial1.csproj", "{3A99FF82-6B3B-4057-BE52-6E9214B4C15D}"
EndProject
Global
	GlobalSection(SolutionConfigurationPlatforms) = preSolution
		Debug|Any CPU = Debug|Any CPU
		Release|Any CPU = Release|Any CPU
	EndGlobalSection
	GlobalSection(ProjectConfigurationPlatforms) = postSolution
		{3A99FF82-6B3B-4057-BE52-6E9214B4C15D}.Debug|Any CPU.ActiveCfg = Debug|Any CPU
		{3A99FF82-6B3B-4057-BE52-6E9214B4C15D}.Debug|Any CPU.Build.0 = Debug|Any CPU
		{3A99FF82-6B3B-4057-BE52-6E9214B4C15D}.Release|Any CPU.ActiveCfg = Release|Any CPU
		{3A99FF82-6B3B-4057-BE52-6E9214B4C15D}.Release|Any CPU.Build.0 = Release|Any CPU
	EndGlobalSection
	GlobalSection(SolutionProperties) = preSolution
		HideSolutionNode = FALSE
	EndGlobalSection
	GlobalSection(ExtensibilityGlobals) = postSolution
		SolutionGuid = {64939630-BC60-4F4E-A188-864D2A4D893A}
	EndGlobalSection
EndGlobal
